
Microsoft Visual Studio Solution File, Format Version 12.00
# Visual Studio 14
VisualStudioVersion = 14.0.25123.0
MinimumVisualStudioVersion = 10.0.40219.1
Project("{FAE04EC0-301F-11D3-BF4B-00C04F79EFBC}") = "exercises", "exercises\exercises.csproj", "{EC1A24A5-060C-4126-8D4A-FE623DDBC7A7}"
EndProject
Project("{FAE04EC0-301F-11D3-BF4B-00C04F79EFBC}") = "01", "01\01.csproj", "{76107162-2526-4107-B3C6-074B3B37D12E}"
EndProject
Project("{FAE04EC0-301F-11D3-BF4B-00C04F79EFBC}") = "02", "02\02.csproj", "{9C86ED49-2780-4CE8-9406-51FD167F94E0}"
EndProject
Project("{FAE04EC0-301F-11D3-BF4B-00C04F79EFBC}") = "03", "03\03.csproj", "{9BB8D2AA-AD0D-4F05-A6FE-F955E23A5C21}"
EndProject
Project("{FAE04EC0-301F-11D3-BF4B-00C04F79EFBC}") = "04", "04\04.csproj", "{D7A422C1-1477-4B15-8DD3-A4C7E539C9B9}"
EndProject
Project("{FAE04EC0-301F-11D3-BF4B-00C04F79EFBC}") = "05", "05\05.csproj", "{0C5F6871-EA8E-44B6-A2DB-CCD29EA628B6}"
EndProject
Project("{FAE04EC0-301F-11D3-BF4B-00C04F79EFBC}") = "06", "06\06.csproj", "{D8CECE50-A5D3-478E-A00C-5AB7902F4A50}"
EndProject
Project("{FAE04EC0-301F-11D3-BF4B-00C04F79EFBC}") = "07", "07\07.csproj", "{E59A2AB9-A06F-404A-99EF-FB554B5E2257}"
EndProject
Project("{FAE04EC0-301F-11D3-BF4B-00C04F79EFBC}") = "08", "08\08.csproj", "{129DCF11-5846-4FB7-831D-B31216C8EDF0}"
EndProject
Project("{FAE04EC0-301F-11D3-BF4B-00C04F79EFBC}") = "10", "10\10.csproj", "{2E841550-8F68-4AB3-87B3-E8620C825A73}"
EndProject
Project("{FAE04EC0-301F-11D3-BF4B-00C04F79EFBC}") = "09", "09\09.csproj", "{0AC30F1D-2D35-4A87-B41E-0D25EEF12A71}"
EndProject
Project("{FAE04EC0-301F-11D3-BF4B-00C04F79EFBC}") = "11", "11\11.csproj", "{BA20ACD9-BB51-4B3E-A60A-12322C63DDF9}"
EndProject
Global
	GlobalSection(SolutionConfigurationPlatforms) = preSolution
		Debug|Any CPU = Debug|Any CPU
		Release|Any CPU = Release|Any CPU
	EndGlobalSection
	GlobalSection(ProjectConfigurationPlatforms) = postSolution
		{EC1A24A5-060C-4126-8D4A-FE623DDBC7A7}.Debug|Any CPU.ActiveCfg = Debug|Any CPU
		{EC1A24A5-060C-4126-8D4A-FE623DDBC7A7}.Debug|Any CPU.Build.0 = Debug|Any CPU
		{EC1A24A5-060C-4126-8D4A-FE623DDBC7A7}.Release|Any CPU.ActiveCfg = Release|Any CPU
		{EC1A24A5-060C-4126-8D4A-FE623DDBC7A7}.Release|Any CPU.Build.0 = Release|Any CPU
		{76107162-2526-4107-B3C6-074B3B37D12E}.Debug|Any CPU.ActiveCfg = Debug|Any CPU
		{76107162-2526-4107-B3C6-074B3B37D12E}.Debug|Any CPU.Build.0 = Debug|Any CPU
		{76107162-2526-4107-B3C6-074B3B37D12E}.Release|Any CPU.ActiveCfg = Release|Any CPU
		{76107162-2526-4107-B3C6-074B3B37D12E}.Release|Any CPU.Build.0 = Release|Any CPU
		{9C86ED49-2780-4CE8-9406-51FD167F94E0}.Debug|Any CPU.ActiveCfg = Debug|Any CPU
		{9C86ED49-2780-4CE8-9406-51FD167F94E0}.Debug|Any CPU.Build.0 = Debug|Any CPU
		{9C86ED49-2780-4CE8-9406-51FD167F94E0}.Release|Any CPU.ActiveCfg = Release|Any CPU
		{9C86ED49-2780-4CE8-9406-51FD167F94E0}.Release|Any CPU.Build.0 = Release|Any CPU
		{9BB8D2AA-AD0D-4F05-A6FE-F955E23A5C21}.Debug|Any CPU.ActiveCfg = Debug|Any CPU
		{9BB8D2AA-AD0D-4F05-A6FE-F955E23A5C21}.Debug|Any CPU.Build.0 = Debug|Any CPU
		{9BB8D2AA-AD0D-4F05-A6FE-F955E23A5C21}.Release|Any CPU.ActiveCfg = Release|Any CPU
		{9BB8D2AA-AD0D-4F05-A6FE-F955E23A5C21}.Release|Any CPU.Build.0 = Release|Any CPU
		{D7A422C1-1477-4B15-8DD3-A4C7E539C9B9}.Debug|Any CPU.ActiveCfg = Debug|Any CPU
		{D7A422C1-1477-4B15-8DD3-A4C7E539C9B9}.Debug|Any CPU.Build.0 = Debug|Any CPU
		{D7A422C1-1477-4B15-8DD3-A4C7E539C9B9}.Release|Any CPU.ActiveCfg = Release|Any CPU
		{D7A422C1-1477-4B15-8DD3-A4C7E539C9B9}.Release|Any CPU.Build.0 = Release|Any CPU
		{0C5F6871-EA8E-44B6-A2DB-CCD29EA628B6}.Debug|Any CPU.ActiveCfg = Debug|Any CPU
		{0C5F6871-EA8E-44B6-A2DB-CCD29EA628B6}.Debug|Any CPU.Build.0 = Debug|Any CPU
		{0C5F6871-EA8E-44B6-A2DB-CCD29EA628B6}.Release|Any CPU.ActiveCfg = Release|Any CPU
		{0C5F6871-EA8E-44B6-A2DB-CCD29EA628B6}.Release|Any CPU.Build.0 = Release|Any CPU
		{D8CECE50-A5D3-478E-A00C-5AB7902F4A50}.Debug|Any CPU.ActiveCfg = Debug|Any CPU
		{D8CECE50-A5D3-478E-A00C-5AB7902F4A50}.Debug|Any CPU.Build.0 = Debug|Any CPU
		{D8CECE50-A5D3-478E-A00C-5AB7902F4A50}.Release|Any CPU.ActiveCfg = Release|Any CPU
		{D8CECE50-A5D3-478E-A00C-5AB7902F4A50}.Release|Any CPU.Build.0 = Release|Any CPU
		{E59A2AB9-A06F-404A-99EF-FB554B5E2257}.Debug|Any CPU.ActiveCfg = Debug|Any CPU
		{E59A2AB9-A06F-404A-99EF-FB554B5E2257}.Debug|Any CPU.Build.0 = Debug|Any CPU
		{E59A2AB9-A06F-404A-99EF-FB554B5E2257}.Release|Any CPU.ActiveCfg = Release|Any CPU
		{E59A2AB9-A06F-404A-99EF-FB554B5E2257}.Release|Any CPU.Build.0 = Release|Any CPU
		{129DCF11-5846-4FB7-831D-B31216C8EDF0}.Debug|Any CPU.ActiveCfg = Debug|Any CPU
		{129DCF11-5846-4FB7-831D-B31216C8EDF0}.Debug|Any CPU.Build.0 = Debug|Any CPU
		{129DCF11-5846-4FB7-831D-B31216C8EDF0}.Release|Any CPU.ActiveCfg = Release|Any CPU
		{129DCF11-5846-4FB7-831D-B31216C8EDF0}.Release|Any CPU.Build.0 = Release|Any CPU
		{2E841550-8F68-4AB3-87B3-E8620C825A73}.Debug|Any CPU.ActiveCfg = Debug|Any CPU
		{2E841550-8F68-4AB3-87B3-E8620C825A73}.Debug|Any CPU.Build.0 = Debug|Any CPU
		{2E841550-8F68-4AB3-87B3-E8620C825A73}.Release|Any CPU.ActiveCfg = Release|Any CPU
		{2E841550-8F68-4AB3-87B3-E8620C825A73}.Release|Any CPU.Build.0 = Release|Any CPU
		{0AC30F1D-2D35-4A87-B41E-0D25EEF12A71}.Debug|Any CPU.ActiveCfg = Debug|Any CPU
		{0AC30F1D-2D35-4A87-B41E-0D25EEF12A71}.Debug|Any CPU.Build.0 = Debug|Any CPU
		{0AC30F1D-2D35-4A87-B41E-0D25EEF12A71}.Release|Any CPU.ActiveCfg = Release|Any CPU
		{0AC30F1D-2D35-4A87-B41E-0D25EEF12A71}.Release|Any CPU.Build.0 = Release|Any CPU
		{BA20ACD9-BB51-4B3E-A60A-12322C63DDF9}.Debug|Any CPU.ActiveCfg = Debug|Any CPU
		{BA20ACD9-BB51-4B3E-A60A-12322C63DDF9}.Debug|Any CPU.Build.0 = Debug|Any CPU
		{BA20ACD9-BB51-4B3E-A60A-12322C63DDF9}.Release|Any CPU.ActiveCfg = Release|Any CPU
		{BA20ACD9-BB51-4B3E-A60A-12322C63DDF9}.Release|Any CPU.Build.0 = Release|Any CPU
	EndGlobalSection
	GlobalSection(SolutionProperties) = preSolution
		HideSolutionNode = FALSE
	EndGlobalSection
EndGlobal
